
Microsoft Visual Studio Solution File, Format Version 12.00
# Visual Studio 14
VisualStudioVersion = 14.0.25420.1
MinimumVisualStudioVersion = 10.0.40219.1
Project("{8BC9CEB8-8B4A-11D0-8D11-00A0C91BC942}") = "KitsuRPG", "KitsuRPG\KitsuRPG.vcxproj", "{C0EE0B86-9A24-490A-B06D-BDC9059FB4CA}"
	ProjectSection(ProjectDependencies) = postProject
		{86AFE1C6-A424-4AC4-9246-DB029CC942D5} = {86AFE1C6-A424-4AC4-9246-DB029CC942D5}
	EndProjectSection
EndProject
Project("{8BC9CEB8-8B4A-11D0-8D11-00A0C91BC942}") = "kitsulib", "kitsulib\kitsulib.vcxproj", "{86AFE1C6-A424-4AC4-9246-DB029CC942D5}"
EndProject
Project("{8BC9CEB8-8B4A-11D0-8D11-00A0C91BC942}") = "KitsuTBS", "KitsuTBS\KitsuTBS.vcxproj", "{61D5AC6E-492E-42B1-ADF5-57C550938602}"
	ProjectSection(ProjectDependencies) = postProject
		{86AFE1C6-A424-4AC4-9246-DB029CC942D5} = {86AFE1C6-A424-4AC4-9246-DB029CC942D5}
	EndProjectSection
EndProject
Project("{8BC9CEB8-8B4A-11D0-8D11-00A0C91BC942}") = "Kitsu3D", "Kitsu3D\Kitsu3D.vcxproj", "{4E187807-D651-4F6B-B909-2CC36E5CEFB8}"
	ProjectSection(ProjectDependencies) = postProject
		{A3067705-2235-40D1-A39F-20766E4C9CED} = {A3067705-2235-40D1-A39F-20766E4C9CED}
		{86AFE1C6-A424-4AC4-9246-DB029CC942D5} = {86AFE1C6-A424-4AC4-9246-DB029CC942D5}
		{31BEC7DA-57FC-4635-A4A0-AB8EDDABEF23} = {31BEC7DA-57FC-4635-A4A0-AB8EDDABEF23}
	EndProjectSection
EndProject
Project("{8BC9CEB8-8B4A-11D0-8D11-00A0C91BC942}") = "GCore", "..\GODS\GCore\GCore.vcxproj", "{31BEC7DA-57FC-4635-A4A0-AB8EDDABEF23}"
EndProject
Project("{8BC9CEB8-8B4A-11D0-8D11-00A0C91BC942}") = "GTerrain", "..\GODS\GTerrain\GTerrain.vcxproj", "{A3067705-2235-40D1-A39F-20766E4C9CED}"
EndProject
Project("{8BC9CEB8-8B4A-11D0-8D11-00A0C91BC942}") = "KitsuBlend", "KitsuBlend\KitsuBlend.vcxproj", "{9BB83471-4F83-4175-B678-1251CBAAA70C}"
	ProjectSection(ProjectDependencies) = postProject
		{A3067705-2235-40D1-A39F-20766E4C9CED} = {A3067705-2235-40D1-A39F-20766E4C9CED}
		{86AFE1C6-A424-4AC4-9246-DB029CC942D5} = {86AFE1C6-A424-4AC4-9246-DB029CC942D5}
		{31BEC7DA-57FC-4635-A4A0-AB8EDDABEF23} = {31BEC7DA-57FC-4635-A4A0-AB8EDDABEF23}
	EndProjectSection
EndProject
Project("{8BC9CEB8-8B4A-11D0-8D11-00A0C91BC942}") = "KitsuGUI", "KitsuGUI\KitsuGUI.vcxproj", "{807A0340-D283-41B6-9301-0182863E91C1}"
	ProjectSection(ProjectDependencies) = postProject
		{A3067705-2235-40D1-A39F-20766E4C9CED} = {A3067705-2235-40D1-A39F-20766E4C9CED}
		{86AFE1C6-A424-4AC4-9246-DB029CC942D5} = {86AFE1C6-A424-4AC4-9246-DB029CC942D5}
		{31BEC7DA-57FC-4635-A4A0-AB8EDDABEF23} = {31BEC7DA-57FC-4635-A4A0-AB8EDDABEF23}
	EndProjectSection
EndProject
Global
	GlobalSection(SolutionConfigurationPlatforms) = preSolution
		Debug|x64 = Debug|x64
		Debug|x86 = Debug|x86
		Release|x64 = Release|x64
		Release|x86 = Release|x86
	EndGlobalSection
	GlobalSection(ProjectConfigurationPlatforms) = postSolution
		{C0EE0B86-9A24-490A-B06D-BDC9059FB4CA}.Debug|x64.ActiveCfg = Debug|x64
		{C0EE0B86-9A24-490A-B06D-BDC9059FB4CA}.Debug|x64.Build.0 = Debug|x64
		{C0EE0B86-9A24-490A-B06D-BDC9059FB4CA}.Debug|x86.ActiveCfg = Debug|Win32
		{C0EE0B86-9A24-490A-B06D-BDC9059FB4CA}.Debug|x86.Build.0 = Debug|Win32
		{C0EE0B86-9A24-490A-B06D-BDC9059FB4CA}.Release|x64.ActiveCfg = Release|x64
		{C0EE0B86-9A24-490A-B06D-BDC9059FB4CA}.Release|x64.Build.0 = Release|x64
		{C0EE0B86-9A24-490A-B06D-BDC9059FB4CA}.Release|x86.ActiveCfg = Release|Win32
		{C0EE0B86-9A24-490A-B06D-BDC9059FB4CA}.Release|x86.Build.0 = Release|Win32
		{86AFE1C6-A424-4AC4-9246-DB029CC942D5}.Debug|x64.ActiveCfg = Debug|x64
		{86AFE1C6-A424-4AC4-9246-DB029CC942D5}.Debug|x64.Build.0 = Debug|x64
		{86AFE1C6-A424-4AC4-9246-DB029CC942D5}.Debug|x86.ActiveCfg = Debug|Win32
		{86AFE1C6-A424-4AC4-9246-DB029CC942D5}.Debug|x86.Build.0 = Debug|Win32
		{86AFE1C6-A424-4AC4-9246-DB029CC942D5}.Release|x64.ActiveCfg = Release|x64
		{86AFE1C6-A424-4AC4-9246-DB029CC942D5}.Release|x64.Build.0 = Release|x64
		{86AFE1C6-A424-4AC4-9246-DB029CC942D5}.Release|x86.ActiveCfg = Release|Win32
		{86AFE1C6-A424-4AC4-9246-DB029CC942D5}.Release|x86.Build.0 = Release|Win32
		{61D5AC6E-492E-42B1-ADF5-57C550938602}.Debug|x64.ActiveCfg = Debug|x64
		{61D5AC6E-492E-42B1-ADF5-57C550938602}.Debug|x64.Build.0 = Debug|x64
		{61D5AC6E-492E-42B1-ADF5-57C550938602}.Debug|x86.ActiveCfg = Debug|Win32
		{61D5AC6E-492E-42B1-ADF5-57C550938602}.Debug|x86.Build.0 = Debug|Win32
		{61D5AC6E-492E-42B1-ADF5-57C550938602}.Release|x64.ActiveCfg = Release|x64
		{61D5AC6E-492E-42B1-ADF5-57C550938602}.Release|x64.Build.0 = Release|x64
		{61D5AC6E-492E-42B1-ADF5-57C550938602}.Release|x86.ActiveCfg = Release|Win32
		{61D5AC6E-492E-42B1-ADF5-57C550938602}.Release|x86.Build.0 = Release|Win32
		{4E187807-D651-4F6B-B909-2CC36E5CEFB8}.Debug|x64.ActiveCfg = Debug|x64
		{4E187807-D651-4F6B-B909-2CC36E5CEFB8}.Debug|x64.Build.0 = Debug|x64
		{4E187807-D651-4F6B-B909-2CC36E5CEFB8}.Debug|x86.ActiveCfg = Debug|Win32
		{4E187807-D651-4F6B-B909-2CC36E5CEFB8}.Debug|x86.Build.0 = Debug|Win32
		{4E187807-D651-4F6B-B909-2CC36E5CEFB8}.Release|x64.ActiveCfg = Release|x64
		{4E187807-D651-4F6B-B909-2CC36E5CEFB8}.Release|x64.Build.0 = Release|x64
		{4E187807-D651-4F6B-B909-2CC36E5CEFB8}.Release|x86.ActiveCfg = Release|Win32
		{4E187807-D651-4F6B-B909-2CC36E5CEFB8}.Release|x86.Build.0 = Release|Win32
		{31BEC7DA-57FC-4635-A4A0-AB8EDDABEF23}.Debug|x64.ActiveCfg = Debug|x64
		{31BEC7DA-57FC-4635-A4A0-AB8EDDABEF23}.Debug|x64.Build.0 = Debug|x64
		{31BEC7DA-57FC-4635-A4A0-AB8EDDABEF23}.Debug|x86.ActiveCfg = Debug|Win32
		{31BEC7DA-57FC-4635-A4A0-AB8EDDABEF23}.Debug|x86.Build.0 = Debug|Win32
		{31BEC7DA-57FC-4635-A4A0-AB8EDDABEF23}.Release|x64.ActiveCfg = Release|x64
		{31BEC7DA-57FC-4635-A4A0-AB8EDDABEF23}.Release|x64.Build.0 = Release|x64
		{31BEC7DA-57FC-4635-A4A0-AB8EDDABEF23}.Release|x86.ActiveCfg = Release|Win32
		{31BEC7DA-57FC-4635-A4A0-AB8EDDABEF23}.Release|x86.Build.0 = Release|Win32
		{A3067705-2235-40D1-A39F-20766E4C9CED}.Debug|x64.ActiveCfg = Debug|x64
		{A3067705-2235-40D1-A39F-20766E4C9CED}.Debug|x64.Build.0 = Debug|x64
		{A3067705-2235-40D1-A39F-20766E4C9CED}.Debug|x86.ActiveCfg = Debug|Win32
		{A3067705-2235-40D1-A39F-20766E4C9CED}.Debug|x86.Build.0 = Debug|Win32
		{A3067705-2235-40D1-A39F-20766E4C9CED}.Release|x64.ActiveCfg = Release|x64
		{A3067705-2235-40D1-A39F-20766E4C9CED}.Release|x64.Build.0 = Release|x64
		{A3067705-2235-40D1-A39F-20766E4C9CED}.Release|x86.ActiveCfg = Release|Win32
		{A3067705-2235-40D1-A39F-20766E4C9CED}.Release|x86.Build.0 = Release|Win32
		{9BB83471-4F83-4175-B678-1251CBAAA70C}.Debug|x64.ActiveCfg = Debug|x64
		{9BB83471-4F83-4175-B678-1251CBAAA70C}.Debug|x64.Build.0 = Debug|x64
		{9BB83471-4F83-4175-B678-1251CBAAA70C}.Debug|x86.ActiveCfg = Debug|Win32
		{9BB83471-4F83-4175-B678-1251CBAAA70C}.Debug|x86.Build.0 = Debug|Win32
		{9BB83471-4F83-4175-B678-1251CBAAA70C}.Release|x64.ActiveCfg = Release|x64
		{9BB83471-4F83-4175-B678-1251CBAAA70C}.Release|x64.Build.0 = Release|x64
		{9BB83471-4F83-4175-B678-1251CBAAA70C}.Release|x86.ActiveCfg = Release|Win32
		{9BB83471-4F83-4175-B678-1251CBAAA70C}.Release|x86.Build.0 = Release|Win32
		{807A0340-D283-41B6-9301-0182863E91C1}.Debug|x64.ActiveCfg = Debug|x64
		{807A0340-D283-41B6-9301-0182863E91C1}.Debug|x64.Build.0 = Debug|x64
		{807A0340-D283-41B6-9301-0182863E91C1}.Debug|x86.ActiveCfg = Debug|Win32
		{807A0340-D283-41B6-9301-0182863E91C1}.Debug|x86.Build.0 = Debug|Win32
		{807A0340-D283-41B6-9301-0182863E91C1}.Release|x64.ActiveCfg = Release|x64
		{807A0340-D283-41B6-9301-0182863E91C1}.Release|x64.Build.0 = Release|x64
		{807A0340-D283-41B6-9301-0182863E91C1}.Release|x86.ActiveCfg = Release|Win32
		{807A0340-D283-41B6-9301-0182863E91C1}.Release|x86.Build.0 = Release|Win32
	EndGlobalSection
	GlobalSection(SolutionProperties) = preSolution
		HideSolutionNode = FALSE
	EndGlobalSection
EndGlobal
